# @generated - this file is auto-generated by `mise lock` https://mise.jdx.dev/dev-tools/mise-lock.html

[[tools.node]]
version = "22.22.0"
backend = "core:node"

[tools.node."platforms.linux-arm64"]
checksum = "sha256:25ba95dfb96871fa2ef977f11f95ea90818c8fa15c0f2110771db08d4ba423be"
url = "https://nodejs.org/dist/v22.22.0/node-v22.22.0-linux-arm64.tar.gz"

[tools.node."platforms.linux-x64"]
checksum = "sha256:c33c39ed9c80deddde77c960d00119918b9e352426fd604ba41638d6526a4744"
url = "https://nodejs.org/dist/v22.22.0/node-v22.22.0-linux-x64.tar.gz"

[tools.node."platforms.macos-arm64"]
checksum = "sha256:5ed4db0fcf1eaf84d91ad12462631d73bf4576c1377e192d222e48026a902640"
url = "https://nodejs.org/dist/v22.22.0/node-v22.22.0-darwin-arm64.tar.gz"

[tools.node."platforms.macos-x64"]
checksum = "sha256:5ea50c9d6dea3dfa3abb66b2656f7a4e1c8cef23432b558d45fb538c7b5dedce"
url = "https://nodejs.org/dist/v22.22.0/node-v22.22.0-darwin-x64.tar.gz"
