# @generated - this file is auto-generated by `mise lock` https://mise.en.dev/dev-tools/mise-lock.html

[[tools.deno]]
version = "2.4.5"
backend = "core:deno"

[tools.deno."platforms.linux-arm64"]
checksum = "sha256:4e3e86739fe527c6891dbfa73799a5ec1b11f45898aaebf73bf3247c2e6a53dd"
url = "https://dl.deno.land/release/v2.4.5/deno-aarch64-unknown-linux-gnu.zip"

[tools.deno."platforms.linux-arm64-musl"]
checksum = "sha256:4e3e86739fe527c6891dbfa73799a5ec1b11f45898aaebf73bf3247c2e6a53dd"
url = "https://dl.deno.land/release/v2.4.5/deno-aarch64-unknown-linux-gnu.zip"

[tools.deno."platforms.linux-x64"]
checksum = "sha256:6f9d8115bb3df582c0c5674507e906323b680be0f0b15e735d0cd5ec6be44444"
url = "https://dl.deno.land/release/v2.4.5/deno-x86_64-unknown-linux-gnu.zip"

[tools.deno."platforms.linux-x64-musl"]
checksum = "sha256:6f9d8115bb3df582c0c5674507e906323b680be0f0b15e735d0cd5ec6be44444"
url = "https://dl.deno.land/release/v2.4.5/deno-x86_64-unknown-linux-gnu.zip"

[tools.deno."platforms.macos-arm64"]
checksum = "sha256:d21374dc6aa02b493467ec2f6d865cab95cffebb89aab242dc1acf95274681ee"
url = "https://dl.deno.land/release/v2.4.5/deno-aarch64-apple-darwin.zip"

[tools.deno."platforms.macos-x64"]
checksum = "sha256:cd46e3d5c06fbd21ef12742def67cc12ef83a2f99d44e00419615f99de056574"
url = "https://dl.deno.land/release/v2.4.5/deno-x86_64-apple-darwin.zip"

[tools.deno."platforms.windows-x64"]
checksum = "sha256:9d89dd28951e4176a8c7643dc98401757e1ff0f83585f25921496195b3669c08"
url = "https://dl.deno.land/release/v2.4.5/deno-x86_64-pc-windows-msvc.zip"

[[tools.opa]]
version = "1.18.2"
backend = "aqua:open-policy-agent/opa"

[tools.opa."platforms.linux-arm64"]
checksum = "sha256:9cad2e67d375aded483823349173fe100d9701d37635908edadeb0298603c58c"
url = "https://github.com/open-policy-agent/opa/releases/download/v1.18.2/opa_linux_arm64_static"
url_api = "https://api.github.com/repos/open-policy-agent/opa/releases/assets/464348332"

[tools.opa."platforms.linux-arm64-musl"]
checksum = "sha256:9cad2e67d375aded483823349173fe100d9701d37635908edadeb0298603c58c"
url = "https://github.com/open-policy-agent/opa/releases/download/v1.18.2/opa_linux_arm64_static"
url_api = "https://api.github.com/repos/open-policy-agent/opa/releases/assets/464348332"

[tools.opa."platforms.linux-x64"]
checksum = "sha256:9903e5125ac281104f2c4b7371d10cc3b74a98933743fcbfc174f9bf0ab20de8"
url = "https://github.com/open-policy-agent/opa/releases/download/v1.18.2/opa_linux_amd64_static"
url_api = "https://api.github.com/repos/open-policy-agent/opa/releases/assets/464348303"

[tools.opa."platforms.linux-x64-musl"]
checksum = "sha256:9903e5125ac281104f2c4b7371d10cc3b74a98933743fcbfc174f9bf0ab20de8"
url = "https://github.com/open-policy-agent/opa/releases/download/v1.18.2/opa_linux_amd64_static"
url_api = "https://api.github.com/repos/open-policy-agent/opa/releases/assets/464348303"

[tools.opa."platforms.macos-arm64"]
checksum = "sha256:3ffa2af6a3b9ccff5d171d061d27990db5ad8cc5c10214c7eeeabc0f29ca11cf"
url = "https://github.com/open-policy-agent/opa/releases/download/v1.18.2/opa_darwin_arm64_static"
url_api = "https://api.github.com/repos/open-policy-agent/opa/releases/assets/464348289"

[tools.opa."platforms.macos-x64"]
checksum = "sha256:e7090da5f3791c71b74e6f0a5703b37f32ab3eb5916abc227f8da9f6773d44be"
url = "https://github.com/open-policy-agent/opa/releases/download/v1.18.2/opa_darwin_amd64"
url_api = "https://api.github.com/repos/open-policy-agent/opa/releases/assets/464348285"

[tools.opa."platforms.windows-x64"]
checksum = "sha256:b9022224ee660c87cc35ce957c21c352fa57b267d71fb4e1ce779a38e107c9df"
url = "https://github.com/open-policy-agent/opa/releases/download/v1.18.2/opa_windows_amd64.exe"
url_api = "https://api.github.com/repos/open-policy-agent/opa/releases/assets/464348335"

[[tools.regal]]
version = "0.42.0"
backend = "aqua:open-policy-agent/regal"

[tools.regal."platforms.linux-arm64"]
checksum = "sha256:13a2ba4a049fa8f3f64ed602a56bad1378eec253d36a977799ff51e694e47c77"
url = "https://github.com/open-policy-agent/regal/releases/download/v0.42.0/regal_Linux_arm64"
url_api = "https://api.github.com/repos/open-policy-agent/regal/releases/assets/479238684"

[tools.regal."platforms.linux-arm64-musl"]
checksum = "sha256:13a2ba4a049fa8f3f64ed602a56bad1378eec253d36a977799ff51e694e47c77"
url = "https://github.com/open-policy-agent/regal/releases/download/v0.42.0/regal_Linux_arm64"
url_api = "https://api.github.com/repos/open-policy-agent/regal/releases/assets/479238684"

[tools.regal."platforms.linux-x64"]
checksum = "sha256:2ebd3c93e4b325b735dbc4851a033e4d7830e88a79c47c8d087ea75c061cec67"
url = "https://github.com/open-policy-agent/regal/releases/download/v0.42.0/regal_Linux_x86_64"
url_api = "https://api.github.com/repos/open-policy-agent/regal/releases/assets/479238713"

[tools.regal."platforms.linux-x64-musl"]
checksum = "sha256:2ebd3c93e4b325b735dbc4851a033e4d7830e88a79c47c8d087ea75c061cec67"
url = "https://github.com/open-policy-agent/regal/releases/download/v0.42.0/regal_Linux_x86_64"
url_api = "https://api.github.com/repos/open-policy-agent/regal/releases/assets/479238713"

[tools.regal."platforms.macos-arm64"]
checksum = "sha256:c3ee16c956b8cd5b3aeb53414afbd2a11b0dff1aa1e726fc91e33e7adef31845"
url = "https://github.com/open-policy-agent/regal/releases/download/v0.42.0/regal_Darwin_arm64"
url_api = "https://api.github.com/repos/open-policy-agent/regal/releases/assets/479238681"

[tools.regal."platforms.macos-x64"]
checksum = "sha256:b8fe86028a9730ab6c6fbdf2ef292596b1a0037c3c1accbd0dd00a8724935ff7"
url = "https://github.com/open-policy-agent/regal/releases/download/v0.42.0/regal_Darwin_x86_64"
url_api = "https://api.github.com/repos/open-policy-agent/regal/releases/assets/479238686"

[tools.regal."platforms.windows-x64"]
checksum = "sha256:d113463872746511276983575322c5b6706479fd231e865d3584ed98e777c50f"
url = "https://github.com/open-policy-agent/regal/releases/download/v0.42.0/regal_Windows_x86_64.exe"
url_api = "https://api.github.com/repos/open-policy-agent/regal/releases/assets/479238685"

[[tools.shellcheck]]
version = "0.11.0"
backend = "aqua:koalaman/shellcheck"

[tools.shellcheck."platforms.linux-arm64"]
checksum = "sha256:12b331c1d2db6b9eb13cfca64306b1b157a86eb69db83023e261eaa7e7c14588"
url = "https://github.com/koalaman/shellcheck/releases/download/v0.11.0/shellcheck-v0.11.0.linux.aarch64.tar.xz"
url_api = "https://api.github.com/repos/koalaman/shellcheck/releases/assets/279056934"

[tools.shellcheck."platforms.linux-arm64-musl"]
checksum = "sha256:12b331c1d2db6b9eb13cfca64306b1b157a86eb69db83023e261eaa7e7c14588"
url = "https://github.com/koalaman/shellcheck/releases/download/v0.11.0/shellcheck-v0.11.0.linux.aarch64.tar.xz"
url_api = "https://api.github.com/repos/koalaman/shellcheck/releases/assets/279056934"

[tools.shellcheck."platforms.linux-x64"]
checksum = "sha256:8c3be12b05d5c177a04c29e3c78ce89ac86f1595681cab149b65b97c4e227198"
url = "https://github.com/koalaman/shellcheck/releases/download/v0.11.0/shellcheck-v0.11.0.linux.x86_64.tar.xz"
url_api = "https://api.github.com/repos/koalaman/shellcheck/releases/assets/279056942"

[tools.shellcheck."platforms.linux-x64-musl"]
checksum = "sha256:8c3be12b05d5c177a04c29e3c78ce89ac86f1595681cab149b65b97c4e227198"
url = "https://github.com/koalaman/shellcheck/releases/download/v0.11.0/shellcheck-v0.11.0.linux.x86_64.tar.xz"
url_api = "https://api.github.com/repos/koalaman/shellcheck/releases/assets/279056942"

[tools.shellcheck."platforms.macos-arm64"]
checksum = "sha256:56affdd8de5527894dca6dc3d7e0a99a873b0f004d7aabc30ae407d3f48b0a79"
url = "https://github.com/koalaman/shellcheck/releases/download/v0.11.0/shellcheck-v0.11.0.darwin.aarch64.tar.xz"
url_api = "https://api.github.com/repos/koalaman/shellcheck/releases/assets/279056932"

[tools.shellcheck."platforms.macos-x64"]
checksum = "sha256:3c89db4edcab7cf1c27bff178882e0f6f27f7afdf54e859fa041fca10febe4c6"
url = "https://github.com/koalaman/shellcheck/releases/download/v0.11.0/shellcheck-v0.11.0.darwin.x86_64.tar.xz"
url_api = "https://api.github.com/repos/koalaman/shellcheck/releases/assets/279056930"

[tools.shellcheck."platforms.windows-x64"]
checksum = "sha256:8a4e35ab0b331c85d73567b12f2a444df187f483e5079ceffa6bda1faa2e740e"
url = "https://github.com/koalaman/shellcheck/releases/download/v0.11.0/shellcheck-v0.11.0.zip"
url_api = "https://api.github.com/repos/koalaman/shellcheck/releases/assets/279056944"
